
Microsoft Visual Studio Solution File, Format Version 12.00
# Visual Studio 15
VisualStudioVersion = 15.0.26430.15
MinimumVisualStudioVersion = 10.0.40219.1
Project("{2150E333-8FDC-42A3-9474-1A3956D46DE8}") = "src", "src", "{F1A6FD99-82CB-455D-B1E3-1FC1CBE48BD9}"
EndProject
Project("{2150E333-8FDC-42A3-9474-1A3956D46DE8}") = "Solution Items", "Solution Items", "{36C487D8-53AC-4FB3-9711-53FDD917105F}"
EndProject
Project("{9A19103F-16F7-4668-BE54-9A1E7A4F7556}") = "TFLDataExplorer", "src\TFLDataExplorer\TFLDataExplorer.csproj", "{F91551D2-DF24-4CB1-8A76-C12BA6622A9B}"
EndProject
Project("{9A19103F-16F7-4668-BE54-9A1E7A4F7556}") = "TFLDataExplorer.Tests", "src\TFLDataExplorer.Tests\TFLDataExplorer.Tests.csproj", "{6E2D8AEE-B3FA-474F-BDF2-2ED67082119A}"
EndProject
Global
	GlobalSection(SolutionConfigurationPlatforms) = preSolution
		Debug|Any CPU = Debug|Any CPU
		Release|Any CPU = Release|Any CPU
	EndGlobalSection
	GlobalSection(ProjectConfigurationPlatforms) = postSolution
		{F91551D2-DF24-4CB1-8A76-C12BA6622A9B}.Debug|Any CPU.ActiveCfg = Debug|Any CPU
		{F91551D2-DF24-4CB1-8A76-C12BA6622A9B}.Debug|Any CPU.Build.0 = Debug|Any CPU
		{F91551D2-DF24-4CB1-8A76-C12BA6622A9B}.Release|Any CPU.ActiveCfg = Release|Any CPU
		{F91551D2-DF24-4CB1-8A76-C12BA6622A9B}.Release|Any CPU.Build.0 = Release|Any CPU
		{6E2D8AEE-B3FA-474F-BDF2-2ED67082119A}.Debug|Any CPU.ActiveCfg = Debug|Any CPU
		{6E2D8AEE-B3FA-474F-BDF2-2ED67082119A}.Debug|Any CPU.Build.0 = Debug|Any CPU
		{6E2D8AEE-B3FA-474F-BDF2-2ED67082119A}.Release|Any CPU.ActiveCfg = Release|Any CPU
		{6E2D8AEE-B3FA-474F-BDF2-2ED67082119A}.Release|Any CPU.Build.0 = Release|Any CPU
	EndGlobalSection
	GlobalSection(SolutionProperties) = preSolution
		HideSolutionNode = FALSE
	EndGlobalSection
	GlobalSection(NestedProjects) = preSolution
		{F91551D2-DF24-4CB1-8A76-C12BA6622A9B} = {F1A6FD99-82CB-455D-B1E3-1FC1CBE48BD9}
		{6E2D8AEE-B3FA-474F-BDF2-2ED67082119A} = {F1A6FD99-82CB-455D-B1E3-1FC1CBE48BD9}
	EndGlobalSection
EndGlobal
